// !$*UTF8*$!
{
	archiveVersion = 1;
	classes = {
	};
	objectVersion = 46;
	objects = {

/* Begin PBXBuildFile section */
		2706D2061B4372C800CBF915 /* AppDelegate.swift in Sources */ = {isa = PBXBuildFile; fileRef = 2706D2051B4372C800CBF915 /* AppDelegate.swift */; };
		2706D2091B4372C800CBF915 /* Fanfic.xcdatamodeld in Sources */ = {isa = PBXBuildFile; fileRef = 2706D2071B4372C800CBF915 /* Fanfic.xcdatamodeld */; };
		2706D20B1B4372C800CBF915 /* ViewController.swift in Sources */ = {isa = PBXBuildFile; fileRef = 2706D20A1B4372C800CBF915 /* ViewController.swift */; };
		2706D20E1B4372C800CBF915 /* Main.storyboard in Resources */ = {isa = PBXBuildFile; fileRef = 2706D20C1B4372C800CBF915 /* Main.storyboard */; };
		2706D2101B4372C800CBF915 /* Images.xcassets in Resources */ = {isa = PBXBuildFile; fileRef = 2706D20F1B4372C800CBF915 /* Images.xcassets */; };
		2706D2131B4372C800CBF915 /* LaunchScreen.xib in Resources */ = {isa = PBXBuildFile; fileRef = 2706D2111B4372C800CBF915 /* LaunchScreen.xib */; };
		2706D21F1B4372C900CBF915 /* FanficTests.swift in Sources */ = {isa = PBXBuildFile; fileRef = 2706D21E1B4372C900CBF915 /* FanficTests.swift */; };
/* End PBXBuildFile section */

/* Begin PBXContainerItemProxy section */
		2706D2191B4372C900CBF915 /* PBXContainerItemProxy */ = {
			isa = PBXContainerItemProxy;
			containerPortal = 2706D1F81B4372C800CBF915 /* Project object */;
			proxyType = 1;
			remoteGlobalIDString = 2706D1FF1B4372C800CBF915;
			remoteInfo = Fanfic;
		};
/* End PBXContainerItemProxy section */

/* Begin PBXFileReference section */
		2706D2001B4372C800CBF915 /* Fanfic.app */ = {isa = PBXFileReference; explicitFileType = wrapper.application; includeInIndex = 0; path = Fanfic.app; sourceTree = BUILT_PRODUCTS_DIR; };
		2706D2041B4372C800CBF915 /* Info.plist */ = {isa = PBXFileReference; lastKnownFileType = text.plist.xml; path = Info.plist; sourceTree = "<group>"; };
		2706D2051B4372C800CBF915 /* AppDelegate.swift */ = {isa = PBXFileReference; lastKnownFileType = sourcecode.swift; path = AppDelegate.swift; sourceTree = "<group>"; };
		2706D2081B4372C800CBF915 /* Fanfic.xcdatamodel */ = {isa = PBXFileReference; lastKnownFileType = wrapper.xcdatamodel; path = Fanfic.xcdatamodel; sourceTree = "<group>"; };
		2706D20A1B4372C800CBF915 /* ViewController.swift */ = {isa = PBXFileReference; lastKnownFileType = sourcecode.swift; path = ViewController.swift; sourceTree = "<group>"; };
		2706D20D1B4372C800CBF915 /* Base */ = {isa = PBXFileReference; lastKnownFileType = file.storyboard; name = Base; path = Base.lproj/Main.storyboard; sourceTree = "<group>"; };
		2706D20F1B4372C800CBF915 /* Images.xcassets */ = {isa = PBXFileReference; lastKnownFileType = folder.assetcatalog; path = Images.xcassets; sourceTree = "<group>"; };
		2706D2121B4372C800CBF915 /* Base */ = {isa = PBXFileReference; lastKnownFileType = file.xib; name = Base; path = Base.lproj/LaunchScreen.xib; sourceTree = "<group>"; };
		2706D2181B4372C900CBF915 /* FanficTests.xctest */ = {isa = PBXFileReference; explicitFileType = wrapper.cfbundle; includeInIndex = 0; path = FanficTests.xctest; sourceTree = BUILT_PRODUCTS_DIR; };
		2706D21D1B4372C900CBF915 /* Info.plist */ = {isa = PBXFileReference; lastKnownFileType = text.plist.xml; path = Info.plist; sourceTree = "<group>"; };
		2706D21E1B4372C900CBF915 /* FanficTests.swift */ = {isa = PBXFileReference; lastKnownFileType = sourcecode.swift; path = FanficTests.swift; sourceTree = "<group>"; };
/* End PBXFileReference section */

/* Begin PBXFrameworksBuildPhase section */
		2706D1FD1B4372C800CBF915 /* Frameworks */ = {
			isa = PBXFrameworksBuildPhase;
			buildActionMask = 2147483647;
			files = (
			);
			runOnlyForDeploymentPostprocessing = 0;
		};
		2706D2151B4372C900CBF915 /* Frameworks */ = {
			isa = PBXFrameworksBuildPhase;
			buildActionMask = 2147483647;
			files = (
			);
			runOnlyForDeploymentPostprocessing = 0;
		};
/* End PBXFrameworksBuildPhase section */

/* Begin PBXGroup section */
		2706D1F71B4372C800CBF915 = {
			isa = PBXGroup;
			children = (
				2706D2021B4372C800CBF915 /* Fanfic */,
				2706D21B1B4372C900CBF915 /* FanficTests */,
				2706D2011B4372C800CBF915 /* Products */,
			);
			sourceTree = "<group>";
		};
		2706D2011B4372C800CBF915 /* Products */ = {
			isa = PBXGroup;
			children = (
				2706D2001B4372C800CBF915 /* Fanfic.app */,
				2706D2181B4372C900CBF915 /* FanficTests.xctest */,
			);
			name = Products;
			sourceTree = "<group>";
		};
		2706D2021B4372C800CBF915 /* Fanfic */ = {
			isa = PBXGroup;
			children = (
				2706D2051B4372C800CBF915 /* AppDelegate.swift */,
				2706D20A1B4372C800CBF915 /* ViewController.swift */,
				2706D20C1B4372C800CBF915 /* Main.storyboard */,
				2706D20F1B4372C800CBF915 /* Images.xcassets */,
				2706D2111B4372C800CBF915 /* LaunchScreen.xib */,
				2706D2071B4372C800CBF915 /* Fanfic.xcdatamodeld */,
				2706D2031B4372C800CBF915 /* Supporting Files */,
			);
			path = Fanfic;
			sourceTree = "<group>";
		};
		2706D2031B4372C800CBF915 /* Supporting Files */ = {
			isa = PBXGroup;
			children = (
				2706D2041B4372C800CBF915 /* Info.plist */,
			);
			name = "Supporting Files";
			sourceTree = "<group>";
		};
		2706D21B1B4372C900CBF915 /* FanficTests */ = {
			isa = PBXGroup;
			children = (
				2706D21E1B4372C900CBF915 /* FanficTests.swift */,
				2706D21C1B4372C900CBF915 /* Supporting Files */,
			);
			path = FanficTests;
			sourceTree = "<group>";
		};
		2706D21C1B4372C900CBF915 /* Supporting Files */ = {
			isa = PBXGroup;
			children = (
				2706D21D1B4372C900CBF915 /* Info.plist */,
			);
			name = "Supporting Files";
			sourceTree = "<group>";
		};
/* End PBXGroup section */

/* Begin PBXNativeTarget section */
		2706D1FF1B4372C800CBF915 /* Fanfic */ = {
			isa = PBXNativeTarget;
			buildConfigurationList = 2706D2221B4372C900CBF915 /* Build configuration list for PBXNativeTarget "Fanfic" */;
			buildPhases = (
				2706D1FC1B4372C800CBF915 /* Sources */,
				2706D1FD1B4372C800CBF915 /* Frameworks */,
				2706D1FE1B4372C800CBF915 /* Resources */,
			);
			buildRules = (
			);
			dependencies = (
			);
			name = Fanfic;
			productName = Fanfic;
			productReference = 2706D2001B4372C800CBF915 /* Fanfic.app */;
			productType = "com.apple.product-type.application";
		};
		2706D2171B4372C900CBF915 /* FanficTests */ = {
			isa = PBXNativeTarget;
			buildConfigurationList = 2706D2251B4372C900CBF915 /* Build configuration list for PBXNativeTarget "FanficTests" */;
			buildPhases = (
				2706D2141B4372C900CBF915 /* Sources */,
				2706D2151B4372C900CBF915 /* Frameworks */,
				2706D2161B4372C900CBF915 /* Resources */,
			);
			buildRules = (
			);
			dependencies = (
				2706D21A1B4372C900CBF915 /* PBXTargetDependency */,
			);
			name = FanficTests;
			productName = FanficTests;
			productReference = 2706D2181B4372C900CBF915 /* FanficTests.xctest */;
			productType = "com.apple.product-type.bundle.unit-test";
		};
/* End PBXNativeTarget section */

/* Begin PBXProject section */
		2706D1F81B4372C800CBF915 /* Project object */ = {
			isa = PBXProject;
			attributes = {
				LastUpgradeCheck = 0630;
				ORGANIZATIONNAME = amymartin;
				TargetAttributes = {
					2706D1FF1B4372C800CBF915 = {
						CreatedOnToolsVersion = 6.3.2;
					};
					2706D2171B4372C900CBF915 = {
						CreatedOnToolsVersion = 6.3.2;
						TestTargetID = 2706D1FF1B4372C800CBF915;
					};
				};
			};
			buildConfigurationList = 2706D1FB1B4372C800CBF915 /* Build configuration list for PBXProject "Fanfic" */;
			compatibilityVersion = "Xcode 3.2";
			developmentRegion = English;
			hasScannedForEncodings = 0;
			knownRegions = (
				en,
				Base,
			);
			mainGroup = 2706D1F71B4372C800CBF915;
			productRefGroup = 2706D2011B4372C800CBF915 /* Products */;
			projectDirPath = "";
			projectRoot = "";
			targets = (
				2706D1FF1B4372C800CBF915 /* Fanfic */,
				2706D2171B4372C900CBF915 /* FanficTests */,
			);
		};
/* End PBXProject section */

/* Begin PBXResourcesBuildPhase section */
		2706D1FE1B4372C800CBF915 /* Resources */ = {
			isa = PBXResourcesBuildPhase;
			buildActionMask = 2147483647;
			files = (
				2706D20E1B4372C800CBF915 /* Main.storyboard in Resources */,
				2706D2131B4372C800CBF915 /* LaunchScreen.xib in Resources */,
				2706D2101B4372C800CBF915 /* Images.xcassets in Resources */,
			);
			runOnlyForDeploymentPostprocessing = 0;
		};
		2706D2161B4372C900CBF915 /* Resources */ = {
			isa = PBXResourcesBuildPhase;
			buildActionMask = 2147483647;
			files = (
			);
			runOnlyForDeploymentPostprocessing = 0;
		};
/* End PBXResourcesBuildPhase section */

/* Begin PBXSourcesBuildPhase section */
		2706D1FC1B4372C800CBF915 /* Sources */ = {
			isa = PBXSourcesBuildPhase;
			buildActionMask = 2147483647;
			files = (
				2706D20B1B4372C800CBF915 /* ViewController.swift in Sources */,
				2706D2091B4372C800CBF915 /* Fanfic.xcdatamodeld in Sources */,
				2706D2061B4372C800CBF915 /* AppDelegate.swift in Sources */,
			);
			runOnlyForDeploymentPostprocessing = 0;
		};
		2706D2141B4372C900CBF915 /* Sources */ = {
			isa = PBXSourcesBuildPhase;
			buildActionMask = 2147483647;
			files = (
				2706D21F1B4372C900CBF915 /* FanficTests.swift in Sources */,
			);
			runOnlyForDeploymentPostprocessing = 0;
		};
/* End PBXSourcesBuildPhase section */

/* Begin PBXTargetDependency section */
		2706D21A1B4372C900CBF915 /* PBXTargetDependency */ = {
			isa = PBXTargetDependency;
			target = 2706D1FF1B4372C800CBF915 /* Fanfic */;
			targetProxy = 2706D2191B4372C900CBF915 /* PBXContainerItemProxy */;
		};
/* End PBXTargetDependency section */

/* Begin PBXVariantGroup section */
		2706D20C1B4372C800CBF915 /* Main.storyboard */ = {
			isa = PBXVariantGroup;
			children = (
				2706D20D1B4372C800CBF915 /* Base */,
			);
			name = Main.storyboard;
			sourceTree = "<group>";
		};
		2706D2111B4372C800CBF915 /* LaunchScreen.xib */ = {
			isa = PBXVariantGroup;
			children = (
				2706D2121B4372C800CBF915 /* Base */,
			);
			name = LaunchScreen.xib;
			sourceTree = "<group>";
		};
/* End PBXVariantGroup section */

/* Begin XCBuildConfiguration section */
		2706D2201B4372C900CBF915 /* Debug */ = {
			isa = XCBuildConfiguration;
			buildSettings = {
				ALWAYS_SEARCH_USER_PATHS = NO;
				CLANG_CXX_LANGUAGE_STANDARD = "gnu++0x";
				CLANG_CXX_LIBRARY = "libc++";
				CLANG_ENABLE_MODULES = YES;
				CLANG_ENABLE_OBJC_ARC = YES;
				CLANG_WARN_BOOL_CONVERSION = YES;
				CLANG_WARN_CONSTANT_CONVERSION = YES;
				CLANG_WARN_DIRECT_OBJC_ISA_USAGE = YES_ERROR;
				CLANG_WARN_EMPTY_BODY = YES;
				CLANG_WARN_ENUM_CONVERSION = YES;
				CLANG_WARN_INT_CONVERSION = YES;
				CLANG_WARN_OBJC_ROOT_CLASS = YES_ERROR;
				CLANG_WARN_UNREACHABLE_CODE = YES;
				CLANG_WARN__DUPLICATE_METHOD_MATCH = YES;
				"CODE_SIGN_IDENTITY[sdk=iphoneos*]" = "iPhone Developer";
				COPY_PHASE_STRIP = NO;
				DEBUG_INFORMATION_FORMAT = "dwarf-with-dsym";
				ENABLE_STRICT_OBJC_MSGSEND = YES;
				GCC_C_LANGUAGE_STANDARD = gnu99;
				GCC_DYNAMIC_NO_PIC = NO;
				GCC_NO_COMMON_BLOCKS = YES;
				GCC_OPTIMIZATION_LEVEL = 0;
				GCC_PREPROCESSOR_DEFINITIONS = (
					"DEBUG=1",
					"$(inherited)",
				);
				GCC_SYMBOLS_PRIVATE_EXTERN = NO;
				GCC_WARN_64_TO_32_BIT_CONVERSION = YES;
				GCC_WARN_ABOUT_RETURN_TYPE = YES_ERROR;
				GCC_WARN_UNDECLARED_SELECTOR = YES;
				GCC_WARN_UNINITIALIZED_AUTOS = YES_AGGRESSIVE;
				GCC_WARN_UNUSED_FUNCTION = YES;
				GCC_WARN_UNUSED_VARIABLE = YES;
				IPHONEOS_DEPLOYMENT_TARGET = 8.3;
				MTL_ENABLE_DEBUG_INFO = YES;
				ONLY_ACTIVE_ARCH = YES;
				SDKROOT = iphoneos;
				SWIFT_OPTIMIZATION_LEVEL = "-Onone";
			};
			name = Debug;
		};
		2706D2211B4372C900CBF915 /* Release */ = {
			isa = XCBuildConfiguration;
			buildSettings = {
				ALWAYS_SEARCH_USER_PATHS = NO;
				CLANG_CXX_LANGUAGE_STANDARD = "gnu++0x";
				CLANG_CXX_LIBRARY = "libc++";
				CLANG_ENABLE_MODULES = YES;
				CLANG_ENABLE_OBJC_ARC = YES;
				CLANG_WARN_BOOL_CONVERSION = YES;
				CLANG_WARN_CONSTANT_CONVERSION = YES;
				CLANG_WARN_DIRECT_OBJC_ISA_USAGE = YES_ERROR;
				CLANG_WARN_EMPTY_BODY = YES;
				CLANG_WARN_ENUM_CONVERSION = YES;
				CLANG_WARN_INT_CONVERSION = YES;
				CLANG_WARN_OBJC_ROOT_CLASS = YES_ERROR;
				CLANG_WARN_UNREACHABLE_CODE = YES;
				CLANG_WARN__DUPLICATE_METHOD_MATCH = YES;
				"CODE_SIGN_IDENTITY[sdk=iphoneos*]" = "iPhone Developer";
				COPY_PHASE_STRIP = NO;
				DEBUG_INFORMATION_FORMAT = "dwarf-with-dsym";
				ENABLE_NS_ASSERTIONS = NO;
				ENABLE_STRICT_OBJC_MSGSEND = YES;
				GCC_C_LANGUAGE_STANDARD = gnu99;
				GCC_NO_COMMON_BLOCKS = YES;
				GCC_WARN_64_TO_32_BIT_CONVERSION = YES;
				GCC_WARN_ABOUT_RETURN_TYPE = YES_ERROR;
				GCC_WARN_UNDECLARED_SELECTOR = YES;
				GCC_WARN_UNINITIALIZED_AUTOS = YES_AGGRESSIVE;
				GCC_WARN_UNUSED_FUNCTION = YES;
				GCC_WARN_UNUSED_VARIABLE = YES;
				IPHONEOS_DEPLOYMENT_TARGET = 8.3;
				MTL_ENABLE_DEBUG_INFO = NO;
				SDKROOT = iphoneos;
				VALIDATE_PRODUCT = YES;
			};
			name = Release;
		};
		2706D2231B4372C900CBF915 /* Debug */ = {
			isa = XCBuildConfiguration;
			buildSettings = {
				ASSETCATALOG_COMPILER_APPICON_NAME = AppIcon;
				INFOPLIST_FILE = Fanfic/Info.plist;
				LD_RUNPATH_SEARCH_PATHS = "$(inherited) @executable_path/Frameworks";
				PRODUCT_NAME = "$(TARGET_NAME)";
			};
			name = Debug;
		};
		2706D2241B4372C900CBF915 /* Release */ = {
			isa = XCBuildConfiguration;
			buildSettings = {
				ASSETCATALOG_COMPILER_APPICON_NAME = AppIcon;
				INFOPLIST_FILE = Fanfic/Info.plist;
				LD_RUNPATH_SEARCH_PATHS = "$(inherited) @executable_path/Frameworks";
				PRODUCT_NAME = "$(TARGET_NAME)";
			};
			name = Release;
		};
		2706D2261B4372C900CBF915 /* Debug */ = {
			isa = XCBuildConfiguration;
			buildSettings = {
				BUNDLE_LOADER = "$(TEST_HOST)";
				FRAMEWORK_SEARCH_PATHS = (
					"$(SDKROOT)/Developer/Library/Frameworks",
					"$(inherited)",
				);
				GCC_PREPROCESSOR_DEFINITIONS = (
					"DEBUG=1",
					"$(inherited)",
				);
				INFOPLIST_FILE = FanficTests/Info.plist;
				LD_RUNPATH_SEARCH_PATHS = "$(inherited) @executable_path/Frameworks @loader_path/Frameworks";
				PRODUCT_NAME = "$(TARGET_NAME)";
				TEST_HOST = "$(BUILT_PRODUCTS_DIR)/Fanfic.app/Fanfic";
			};
			name = Debug;
		};
		2706D2271B4372C900CBF915 /* Release */ = {
			isa = XCBuildConfiguration;
			buildSettings = {
				BUNDLE_LOADER = "$(TEST_HOST)";
				FRAMEWORK_SEARCH_PATHS = (
					"$(SDKROOT)/Developer/Library/Frameworks",
					"$(inherited)",
				);
				INFOPLIST_FILE = FanficTests/Info.plist;
				LD_RUNPATH_SEARCH_PATHS = "$(inherited) @executable_path/Frameworks @loader_path/Frameworks";
				PRODUCT_NAME = "$(TARGET_NAME)";
				TEST_HOST = "$(BUILT_PRODUCTS_DIR)/Fanfic.app/Fanfic";
			};
			name = Release;
		};
/* End XCBuildConfiguration section */

/* Begin XCConfigurationList section */
		2706D1FB1B4372C800CBF915 /* Build configuration list for PBXProject "Fanfic" */ = {
			isa = XCConfigurationList;
			buildConfigurations = (
				2706D2201B4372C900CBF915 /* Debug */,
				2706D2211B4372C900CBF915 /* Release */,
			);
			defaultConfigurationIsVisible = 0;
			defaultConfigurationName = Release;
		};
		2706D2221B4372C900CBF915 /* Build configuration list for PBXNativeTarget "Fanfic" */ = {
			isa = XCConfigurationList;
			buildConfigurations = (
				2706D2231B4372C900CBF915 /* Debug */,
				2706D2241B4372C900CBF915 /* Release */,
			);
			defaultConfigurationIsVisible = 0;
		};
		2706D2251B4372C900CBF915 /* Build configuration list for PBXNativeTarget "FanficTests" */ = {
			isa = XCConfigurationList;
			buildConfigurations = (
				2706D2261B4372C900CBF915 /* Debug */,
				2706D2271B4372C900CBF915 /* Release */,
			);
			defaultConfigurationIsVisible = 0;
		};
/* End XCConfigurationList section */

/* Begin XCVersionGroup section */
		2706D2071B4372C800CBF915 /* Fanfic.xcdatamodeld */ = {
			isa = XCVersionGroup;
			children = (
				2706D2081B4372C800CBF915 /* Fanfic.xcdatamodel */,
			);
			currentVersion = 2706D2081B4372C800CBF915 /* Fanfic.xcdatamodel */;
			path = Fanfic.xcdatamodeld;
			sourceTree = "<group>";
			versionGroupType = wrapper.xcdatamodel;
		};
/* End XCVersionGroup section */
	};
	rootObject = 2706D1F81B4372C800CBF915 /* Project object */;
}
